
Microsoft Visual Studio Solution File, Format Version 12.00
# Visual Studio Version 16
VisualStudioVersion = 16.0.31129.286
MinimumVisualStudioVersion = 10.0.40219.1
Project("{2150E333-8FDC-42A3-9474-1A3956D46DE8}") = "src", "src", "{C47703A1-E7D0-405F-8136-8B145D936260}"
EndProject
Project("{2150E333-8FDC-42A3-9474-1A3956D46DE8}") = "samples", "samples", "{67C1AA8F-862C-4FF5-BAFC-C4A7413FA750}"
EndProject
Project("{2150E333-8FDC-42A3-9474-1A3956D46DE8}") = "tests", "tests", "{07634440-275C-4F7E-8DE7-5DB3A11AF86D}"
EndProject
Project("{FAE04EC0-301F-11D3-BF4B-00C04F79EFBC}") = "KoffyKup.CodeExtensions.Test", "tests\KoffyKup.CodeExtensions.Test\KoffyKup.CodeExtensions.Test.csproj", "{4C12F995-6B89-485D-AAEE-994D36EB27F6}"
EndProject
Project("{FAE04EC0-301F-11D3-BF4B-00C04F79EFBC}") = "KoffyKup.Code.Examples", "samples\KoffyKup.Code.Examples\KoffyKup.Code.Examples.csproj", "{12CB3A7B-7F34-4524-AAC1-5432E5F1DF7E}"
EndProject
Project("{9A19103F-16F7-4668-BE54-9A1E7A4F7556}") = "KoffyKup.Code", "src\KoffyKup.Code\KoffyKup.Code.csproj", "{41432FDC-995D-4880-BA03-2577CD4487C6}"
EndProject
Global
	GlobalSection(SolutionConfigurationPlatforms) = preSolution
		Debug|Any CPU = Debug|Any CPU
		Release|Any CPU = Release|Any CPU
	EndGlobalSection
	GlobalSection(ProjectConfigurationPlatforms) = postSolution
		{4C12F995-6B89-485D-AAEE-994D36EB27F6}.Debug|Any CPU.ActiveCfg = Debug|Any CPU
		{4C12F995-6B89-485D-AAEE-994D36EB27F6}.Debug|Any CPU.Build.0 = Debug|Any CPU
		{4C12F995-6B89-485D-AAEE-994D36EB27F6}.Release|Any CPU.ActiveCfg = Release|Any CPU
		{4C12F995-6B89-485D-AAEE-994D36EB27F6}.Release|Any CPU.Build.0 = Release|Any CPU
		{12CB3A7B-7F34-4524-AAC1-5432E5F1DF7E}.Debug|Any CPU.ActiveCfg = Debug|Any CPU
		{12CB3A7B-7F34-4524-AAC1-5432E5F1DF7E}.Debug|Any CPU.Build.0 = Debug|Any CPU
		{12CB3A7B-7F34-4524-AAC1-5432E5F1DF7E}.Release|Any CPU.ActiveCfg = Release|Any CPU
		{12CB3A7B-7F34-4524-AAC1-5432E5F1DF7E}.Release|Any CPU.Build.0 = Release|Any CPU
		{41432FDC-995D-4880-BA03-2577CD4487C6}.Debug|Any CPU.ActiveCfg = Debug|Any CPU
		{41432FDC-995D-4880-BA03-2577CD4487C6}.Debug|Any CPU.Build.0 = Debug|Any CPU
		{41432FDC-995D-4880-BA03-2577CD4487C6}.Release|Any CPU.ActiveCfg = Release|Any CPU
		{41432FDC-995D-4880-BA03-2577CD4487C6}.Release|Any CPU.Build.0 = Release|Any CPU
	EndGlobalSection
	GlobalSection(SolutionProperties) = preSolution
		HideSolutionNode = FALSE
	EndGlobalSection
	GlobalSection(NestedProjects) = preSolution
		{4C12F995-6B89-485D-AAEE-994D36EB27F6} = {07634440-275C-4F7E-8DE7-5DB3A11AF86D}
		{12CB3A7B-7F34-4524-AAC1-5432E5F1DF7E} = {67C1AA8F-862C-4FF5-BAFC-C4A7413FA750}
		{41432FDC-995D-4880-BA03-2577CD4487C6} = {C47703A1-E7D0-405F-8136-8B145D936260}
	EndGlobalSection
	GlobalSection(ExtensibilityGlobals) = postSolution
		SolutionGuid = {42F96D86-A080-4414-9072-F5F3BE035BBE}
	EndGlobalSection
EndGlobal
